<?xml version="1.0" encoding="utf-8"?>
<Project ToolsVersion="4.0" xmlns="http://schemas.microsoft.com/developer/msbuild/2003">
  <ItemGroup>
    <Filter Include="Source Files">
      <UniqueIdentifier>{4FC737F1-C7A5-4376-A066-2A32D752A2FF}</UniqueIdentifier>
      <Extensions>cpp;c;cc;cxx;c++;cppm;ixx;def;odl;idl;hpj;bat;asm;asmx</Extensions>
    </Filter>
    <Filter Include="Header Files">
      <UniqueIdentifier>{93995380-89BD-4b04-88EB-625FBE52EBFB}</UniqueIdentifier>
      <Extensions>h;hh;hpp;hxx;h++;hm;inl;inc;ipp;xsd</Extensions>
    </Filter>
    <Filter Include="Resource Files">
      <UniqueIdentifier>{67DA6AB6-F800-4c08-8B7A-83BB121AAD01}</UniqueIdentifier>
      <Extensions>rc;ico;cur;bmp;dlg;rc2;rct;bin;rgs;gif;jpg;jpeg;jpe;resx;tiff;tif;png;wav;mfcribbon-ms</Extensions>
    </Filter>
  </ItemGroup>
  <ItemGroup>
    <ClCompile Include="main.cpp">
      <Filter>Source Files</Filter>
    </ClCompile>
    <ClCompile Include="detect\ObjDetect.cpp">
      <Filter>Source Files</Filter>
    </ClCompile>
    <ClCompile Include="detect\Tests.cpp">
      <Filter>Source Files</Filter>
    </ClCompile>
    <ClCompile Include="Config.cpp">
      <Filter>Source Files</Filter>
    </ClCompile>
    <ClCompile Include="scrcpy\screen.cpp">
      <Filter>Source Files</Filter>
    </ClCompile>
    <ClCompile Include="scrcpy\util\tiny_xpm.c">
      <Filter>Source Files</Filter>
    </ClCompile>
    <ClCompile Include="scrcpy\video_buffer.cpp">
      <Filter>Source Files</Filter>
    </ClCompile>
    <ClCompile Include="scrcpy\util\fps_counter.cpp">
      <Filter>Source Files</Filter>
    </ClCompile>
    <ClCompile Include="scrcpy\scrcpy.cpp">
      <Filter>Source Files</Filter>
    </ClCompile>
    <ClCompile Include="scrcpy\server.cpp">
      <Filter>Source Files</Filter>
    </ClCompile>
    <ClCompile Include="scrcpy\util\str_util.cpp">
      <Filter>Source Files</Filter>
    </ClCompile>
    <ClCompile Include="scrcpy\file_handler.cpp">
      <Filter>Source Files</Filter>
    </ClCompile>
    <ClCompile Include="scrcpy\decoder.cpp">
      <Filter>Source Files</Filter>
    </ClCompile>
    <ClCompile Include="scrcpy\recorder.cpp">
      <Filter>Source Files</Filter>
    </ClCompile>
    <ClCompile Include="scrcpy\receiver.cpp">
      <Filter>Source Files</Filter>
    </ClCompile>
    <ClCompile Include="scrcpy\device_msg.cpp">
      <Filter>Source Files</Filter>
    </ClCompile>
    <ClCompile Include="scrcpy\control_msg.cpp">
      <Filter>Source Files</Filter>
    </ClCompile>
    <ClCompile Include="scrcpy\controller.cpp">
      <Filter>Source Files</Filter>
    </ClCompile>
    <ClCompile Include="scrcpy\input_manager.cpp">
      <Filter>Source Files</Filter>
    </ClCompile>
    <ClCompile Include="scrcpy\event_converter.cpp">
      <Filter>Source Files</Filter>
    </ClCompile>
    <ClCompile Include="scrcpy\stream.cpp">
      <Filter>Source Files</Filter>
    </ClCompile>
    <ClCompile Include="scrcpy\util\net.c">
      <Filter>Source Files</Filter>
    </ClCompile>
    <ClCompile Include="scrcpy\command.cpp">
      <Filter>Source Files</Filter>
    </ClCompile>
    <ClCompile Include="scrcpy\sys\win\win_command.cpp">
      <Filter>Source Files</Filter>
    </ClCompile>
    <ClCompile Include="scrcpy\device.cpp">
      <Filter>Source Files</Filter>
    </ClCompile>
    <ClCompile Include="console\freeglut_font.c">
      <Filter>Source Files</Filter>
    </ClCompile>
    <ClCompile Include="console\freeglut_font_data.c">
      <Filter>Source Files</Filter>
    </ClCompile>
    <ClCompile Include="console\freeglut_other.c">
      <Filter>Source Files</Filter>
    </ClCompile>
    <ClCompile Include="console\freeglut_stroke_roman.c">
      <Filter>Source Files</Filter>
    </ClCompile>
    <ClCompile Include="console\freeglut_stroke_mono_roman.c">
      <Filter>Source Files</Filter>
    </ClCompile>
    <ClCompile Include="console\cfg.cpp">
      <Filter>Source Files</Filter>
    </ClCompile>
    <ClCompile Include="cvars\CVar.cpp">
      <Filter>Source Files</Filter>
    </ClCompile>
    <ClCompile Include="cvars\CVarParse.cpp">
      <Filter>Source Files</Filter>
    </ClCompile>
    <ClCompile Include="cvars\Timestamp.cpp">
      <Filter>Source Files</Filter>
    </ClCompile>
    <ClCompile Include="cvars\Trie.cpp">
      <Filter>Source Files</Filter>
    </ClCompile>
    <ClCompile Include="cvars\TrieNode.cpp">
      <Filter>Source Files</Filter>
    </ClCompile>
    <ClCompile Include="console\GLConsole.cpp">
      <Filter>Source Files</Filter>
    </ClCompile>
    <ClCompile Include="Worker.cpp">
      <Filter>Source Files</Filter>
    </ClCompile>
    <ClCompile Include="Estimator.cpp">
      <Filter>Source Files</Filter>
    </ClCompile>
    <ClCompile Include="Random.cpp">
      <Filter>Source Files</Filter>
    </ClCompile>
    <ClCompile Include="DeviceFinder.cpp">
      <Filter>Source Files</Filter>
    </ClCompile>
    <ClCompile Include="Environment.cpp">
      <Filter>Source Files</Filter>
    </ClCompile>
    <ClCompile Include="console\ConsoleCommands.cpp">
      <Filter>Source Files</Filter>
    </ClCompile>
  </ItemGroup>
  <ItemGroup>
    <ClInclude Include="detect\ObjDetect.h">
      <Filter>Header Files</Filter>
    </ClInclude>
    <ClInclude Include="Benchmark.h">
      <Filter>Header Files</Filter>
    </ClInclude>
    <ClInclude Include="detect\Tests.h">
      <Filter>Header Files</Filter>
    </ClInclude>
    <ClInclude Include="termcolor.hpp">
      <Filter>Header Files</Filter>
    </ClInclude>
    <ClInclude Include="Config.h">
      <Filter>Header Files</Filter>
    </ClInclude>
    <ClInclude Include="magic_enum.hpp">
      <Filter>Header Files</Filter>
    </ClInclude>
    <ClInclude Include="scrcpy\screen.h">
      <Filter>Header Files</Filter>
    </ClInclude>
    <ClInclude Include="scrcpy\common.h">
      <Filter>Header Files</Filter>
    </ClInclude>
    <ClInclude Include="scrcpy\config.h">
      <Filter>Header Files</Filter>
    </ClInclude>
    <ClInclude Include="scrcpy\sc_opengl.h">
      <Filter>Header Files</Filter>
    </ClInclude>
    <ClInclude Include="scrcpy\util\log.h">
      <Filter>Header Files</Filter>
    </ClInclude>
    <ClInclude Include="scrcpy\scrcpy.h">
      <Filter>Header Files</Filter>
    </ClInclude>
    <ClInclude Include="scrcpy\util\tiny_xpm.h">
      <Filter>Header Files</Filter>
    </ClInclude>
    <ClInclude Include="scrcpy\video_buffer.h">
      <Filter>Header Files</Filter>
    </ClInclude>
    <ClInclude Include="scrcpy\util\fps_counter.h">
      <Filter>Header Files</Filter>
    </ClInclude>
    <ClInclude Include="scrcpy\util\lock.h">
      <Filter>Header Files</Filter>
    </ClInclude>
    <ClInclude Include="scrcpy\server.h">
      <Filter>Header Files</Filter>
    </ClInclude>
    <ClInclude Include="scrcpy\util\net.h">
      <Filter>Header Files</Filter>
    </ClInclude>
    <ClInclude Include="scrcpy\command.h">
      <Filter>Header Files</Filter>
    </ClInclude>
    <ClInclude Include="scrcpy\util\str_util.h">
      <Filter>Header Files</Filter>
    </ClInclude>
    <ClInclude Include="scrcpy\device.h">
      <Filter>Header Files</Filter>
    </ClInclude>
    <ClInclude Include="scrcpy\file_handler.h">
      <Filter>Header Files</Filter>
    </ClInclude>
    <ClInclude Include="scrcpy\util\cbuf.h">
      <Filter>Header Files</Filter>
    </ClInclude>
    <ClInclude Include="scrcpy\decoder.h">
      <Filter>Header Files</Filter>
    </ClInclude>
    <ClInclude Include="scrcpy\compat.h">
      <Filter>Header Files</Filter>
    </ClInclude>
    <ClInclude Include="scrcpy\events.h">
      <Filter>Header Files</Filter>
    </ClInclude>
    <ClInclude Include="scrcpy\recorder.h">
      <Filter>Header Files</Filter>
    </ClInclude>
    <ClInclude Include="scrcpy\controller.h">
      <Filter>Header Files</Filter>
    </ClInclude>
    <ClInclude Include="scrcpy\receiver.h">
      <Filter>Header Files</Filter>
    </ClInclude>
    <ClInclude Include="scrcpy\device_msg.h">
      <Filter>Header Files</Filter>
    </ClInclude>
    <ClInclude Include="scrcpy\util\buffer_util.h">
      <Filter>Header Files</Filter>
    </ClInclude>
    <ClInclude Include="scrcpy\control_msg.h">
      <Filter>Header Files</Filter>
    </ClInclude>
    <ClInclude Include="scrcpy\android\input.h">
      <Filter>Header Files</Filter>
    </ClInclude>
    <ClInclude Include="scrcpy\android\keycodes.h">
      <Filter>Header Files</Filter>
    </ClInclude>
    <ClInclude Include="scrcpy\input_manager.h">
      <Filter>Header Files</Filter>
    </ClInclude>
    <ClInclude Include="scrcpy\event_converter.h">
      <Filter>Header Files</Filter>
    </ClInclude>
    <ClInclude Include="scrcpy\stream.h">
      <Filter>Header Files</Filter>
    </ClInclude>
    <ClInclude Include="console\GLFont.h">
      <Filter>Header Files</Filter>
    </ClInclude>
    <ClInclude Include="console\GLConsoleFunction.h">
      <Filter>Header Files</Filter>
    </ClInclude>
    <ClInclude Include="console\GLConsole.h">
      <Filter>Header Files</Filter>
    </ClInclude>
    <ClInclude Include="console\GLColor.h">
      <Filter>Header Files</Filter>
    </ClInclude>
    <ClInclude Include="console\freeglut_internal.h">
      <Filter>Header Files</Filter>
    </ClInclude>
    <ClInclude Include="console\cfg.h">
      <Filter>Header Files</Filter>
    </ClInclude>
    <ClInclude Include="cvars\config.h">
      <Filter>Header Files</Filter>
    </ClInclude>
    <ClInclude Include="cvars\CVar.h">
      <Filter>Header Files</Filter>
    </ClInclude>
    <ClInclude Include="cvars\CVarMapIO.h">
      <Filter>Header Files</Filter>
    </ClInclude>
    <ClInclude Include="cvars\CVarVectorIO.h">
      <Filter>Header Files</Filter>
    </ClInclude>
    <ClInclude Include="cvars\glplatform.h">
      <Filter>Header Files</Filter>
    </ClInclude>
    <ClInclude Include="cvars\Timestamp.h">
      <Filter>Header Files</Filter>
    </ClInclude>
    <ClInclude Include="cvars\Trie.h">
      <Filter>Header Files</Filter>
    </ClInclude>
    <ClInclude Include="cvars\TrieNode.h">
      <Filter>Header Files</Filter>
    </ClInclude>
    <ClInclude Include="Worker.h">
      <Filter>Header Files</Filter>
    </ClInclude>
    <ClInclude Include="Estimator.h">
      <Filter>Header Files</Filter>
    </ClInclude>
    <ClInclude Include="Random.h">
      <Filter>Header Files</Filter>
    </ClInclude>
    <ClInclude Include="ThreadSafeBuffer.h">
      <Filter>Header Files</Filter>
    </ClInclude>
    <ClInclude Include="WorkerHelper.h">
      <Filter>Header Files</Filter>
    </ClInclude>
    <ClInclude Include="DeviceFinder.h">
      <Filter>Header Files</Filter>
    </ClInclude>
    <ClInclude Include="console\ConsoleCommands.h">
      <Filter>Header Files</Filter>
    </ClInclude>
    <ClInclude Include="Environment.h">
      <Filter>Header Files</Filter>
    </ClInclude>
    <ClInclude Include="resource.h">
      <Filter>Header Files</Filter>
    </ClInclude>
  </ItemGroup>
  <ItemGroup>
    <Text Include="TestConfig.txt" />
  </ItemGroup>
  <ItemGroup>
    <None Include="scrcpy\util\icon.xpm" />
  </ItemGroup>
  <ItemGroup>
    <Image Include="duck.ico">
      <Filter>Resource Files</Filter>
    </Image>
    <Image Include="icon1.ico">
      <Filter>Resource Files</Filter>
    </Image>
  </ItemGroup>
</Project>